
Microsoft Visual Studio Solution File, Format Version 12.00
# Visual Studio 2013
VisualStudioVersion = 12.0.30723.0
MinimumVisualStudioVersion = 10.0.40219.1
Project("{FAE04EC0-301F-11D3-BF4B-00C04F79EFBC}") = "XMLtoJSON", "XMLtoJSON\XMLtoJSON.csproj", "{BD2AD4FB-495C-4067-A777-305C8A54586A}"
EndProject
Global
	GlobalSection(SolutionConfigurationPlatforms) = preSolution
		Debug|Any CPU = Debug|Any CPU
		Release|Any CPU = Release|Any CPU
	EndGlobalSection
	GlobalSection(ProjectConfigurationPlatforms) = postSolution
		{BD2AD4FB-495C-4067-A777-305C8A54586A}.Debug|Any CPU.ActiveCfg = Debug|Any CPU
		{BD2AD4FB-495C-4067-A777-305C8A54586A}.Debug|Any CPU.Build.0 = Debug|Any CPU
		{BD2AD4FB-495C-4067-A777-305C8A54586A}.Release|Any CPU.ActiveCfg = Release|Any CPU
		{BD2AD4FB-495C-4067-A777-305C8A54586A}.Release|Any CPU.Build.0 = Release|Any CPU
	EndGlobalSection
	GlobalSection(SolutionProperties) = preSolution
		HideSolutionNode = FALSE
	EndGlobalSection
EndGlobal
