
Microsoft Visual Studio Solution File, Format Version 12.00
# Visual Studio 2013
VisualStudioVersion = 12.0.30501.0
MinimumVisualStudioVersion = 10.0.40219.1
Project("{FAE04EC0-301F-11D3-BF4B-00C04F79EFBC}") = "Zmiana nazw plików i katalogów", "Zmiana nazw plików i katalogów\Zmiana nazw plików i katalogów.csproj", "{C73659C7-156A-4250-A61C-3B9BD5834333}"
EndProject
Global
	GlobalSection(SolutionConfigurationPlatforms) = preSolution
		Debug|Any CPU = Debug|Any CPU
		Release|Any CPU = Release|Any CPU
	EndGlobalSection
	GlobalSection(ProjectConfigurationPlatforms) = postSolution
		{C73659C7-156A-4250-A61C-3B9BD5834333}.Debug|Any CPU.ActiveCfg = Debug|Any CPU
		{C73659C7-156A-4250-A61C-3B9BD5834333}.Debug|Any CPU.Build.0 = Debug|Any CPU
		{C73659C7-156A-4250-A61C-3B9BD5834333}.Release|Any CPU.ActiveCfg = Release|Any CPU
		{C73659C7-156A-4250-A61C-3B9BD5834333}.Release|Any CPU.Build.0 = Release|Any CPU
	EndGlobalSection
	GlobalSection(SolutionProperties) = preSolution
		HideSolutionNode = FALSE
	EndGlobalSection
EndGlobal
